<Solution>
  <Folder Name="/src/">
    <Project Path="src/Cms.Api/Cms.Api.csproj" />
    <Project Path="src/Cms.Data/Cms.Data.csproj" />
    <Project Path="src/Cms.Services/Cms.Services.csproj" />
  </Folder>
  <Folder Name="/tests/">
    <Project Path="tests/Cms.Checks/Cms.Checks.csproj" />
  </Folder>
</Solution>
